
Microsoft Visual Studio Solution File, Format Version 12.00
# Visual Studio Version 16
VisualStudioVersion = 16.0.30717.126
MinimumVisualStudioVersion = 10.0.40219.1
Project("{F184B08F-C81C-45F6-A57F-5ABD9991F28F}") = "CRUD", "CRUD\CRUD.vbproj", "{CCB5C54C-C781-43DB-B3F1-0AA1A976A450}"
EndProject
Global
	GlobalSection(SolutionConfigurationPlatforms) = preSolution
		Debug|Any CPU = Debug|Any CPU
		Release|Any CPU = Release|Any CPU
	EndGlobalSection
	GlobalSection(ProjectConfigurationPlatforms) = postSolution
		{CCB5C54C-C781-43DB-B3F1-0AA1A976A450}.Debug|Any CPU.ActiveCfg = Debug|Any CPU
		{CCB5C54C-C781-43DB-B3F1-0AA1A976A450}.Debug|Any CPU.Build.0 = Debug|Any CPU
		{CCB5C54C-C781-43DB-B3F1-0AA1A976A450}.Release|Any CPU.ActiveCfg = Release|Any CPU
		{CCB5C54C-C781-43DB-B3F1-0AA1A976A450}.Release|Any CPU.Build.0 = Release|Any CPU
	EndGlobalSection
	GlobalSection(SolutionProperties) = preSolution
		HideSolutionNode = FALSE
	EndGlobalSection
	GlobalSection(ExtensibilityGlobals) = postSolution
		SolutionGuid = {394B0CED-8743-4495-9419-89DB842DB68A}
	EndGlobalSection
EndGlobal
